
Microsoft Visual Studio Solution File, Format Version 12.00
# Visual Studio Version 17
VisualStudioVersion = 17.11.35327.3
MinimumVisualStudioVersion = 10.0.40219.1
Project("{9A19103F-16F7-4668-BE54-9A1E7A4F7556}") = "DemoLibrary", "DemoLibrary\DemoLibrary.csproj", "{6EB23B91-905C-4E2B-9C6F-5F438960C0D1}"
EndProject
Project("{FAE04EC0-301F-11D3-BF4B-00C04F79EFBC}") = "DemoConsoleApp", "DemoConsoleApp\DemoConsoleApp.csproj", "{318114D0-D1E6-48A2-8BB6-96FDB43FB15E}"
EndProject
Global
	GlobalSection(SolutionConfigurationPlatforms) = preSolution
		Debug|Any CPU = Debug|Any CPU
		Release|Any CPU = Release|Any CPU
	EndGlobalSection
	GlobalSection(ProjectConfigurationPlatforms) = postSolution
		{6EB23B91-905C-4E2B-9C6F-5F438960C0D1}.Debug|Any CPU.ActiveCfg = Debug|Any CPU
		{6EB23B91-905C-4E2B-9C6F-5F438960C0D1}.Debug|Any CPU.Build.0 = Debug|Any CPU
		{6EB23B91-905C-4E2B-9C6F-5F438960C0D1}.Release|Any CPU.ActiveCfg = Release|Any CPU
		{6EB23B91-905C-4E2B-9C6F-5F438960C0D1}.Release|Any CPU.Build.0 = Release|Any CPU
		{318114D0-D1E6-48A2-8BB6-96FDB43FB15E}.Debug|Any CPU.ActiveCfg = Debug|Any CPU
		{318114D0-D1E6-48A2-8BB6-96FDB43FB15E}.Debug|Any CPU.Build.0 = Debug|Any CPU
		{318114D0-D1E6-48A2-8BB6-96FDB43FB15E}.Release|Any CPU.ActiveCfg = Release|Any CPU
		{318114D0-D1E6-48A2-8BB6-96FDB43FB15E}.Release|Any CPU.Build.0 = Release|Any CPU
	EndGlobalSection
	GlobalSection(SolutionProperties) = preSolution
		HideSolutionNode = FALSE
	EndGlobalSection
	GlobalSection(ExtensibilityGlobals) = postSolution
		SolutionGuid = {7E91221E-EE5A-4DE1-8481-1418E27BA180}
	EndGlobalSection
EndGlobal
